
Microsoft Visual Studio Solution File, Format Version 12.00
# Visual Studio Version 17
VisualStudioVersion = 17.10.35027.167
MinimumVisualStudioVersion = 10.0.40219.1
Project("{FAE04EC0-301F-11D3-BF4B-00C04F79EFBC}") = "Dr.Lee7.12", "Dr.Lee7.12.csproj", "{C2D9232E-67EA-40C0-84ED-231EB2A83C84}"
EndProject
Global
	GlobalSection(SolutionConfigurationPlatforms) = preSolution
		Debug|Any CPU = Debug|Any CPU
		Release|Any CPU = Release|Any CPU
	EndGlobalSection
	GlobalSection(ProjectConfigurationPlatforms) = postSolution
		{C2D9232E-67EA-40C0-84ED-231EB2A83C84}.Debug|Any CPU.ActiveCfg = Debug|Any CPU
		{C2D9232E-67EA-40C0-84ED-231EB2A83C84}.Debug|Any CPU.Build.0 = Debug|Any CPU
		{C2D9232E-67EA-40C0-84ED-231EB2A83C84}.Release|Any CPU.ActiveCfg = Release|Any CPU
		{C2D9232E-67EA-40C0-84ED-231EB2A83C84}.Release|Any CPU.Build.0 = Release|Any CPU
	EndGlobalSection
	GlobalSection(SolutionProperties) = preSolution
		HideSolutionNode = FALSE
	EndGlobalSection
	GlobalSection(ExtensibilityGlobals) = postSolution
		SolutionGuid = {7509D5DC-F7E2-43FA-B8C4-33A978C72F22}
	EndGlobalSection
EndGlobal
